
Microsoft Visual Studio Solution File, Format Version 12.00
# Visual Studio 2012
Project("{FAE04EC0-301F-11D3-BF4B-00C04F79EFBC}") = "MultiDimensionArrayDemo", "MultiDimensionArrayDemo\MultiDimensionArrayDemo.csproj", "{EEC134E0-196E-4861-B1CE-1D401DA2B7DC}"
EndProject
Global
	GlobalSection(SolutionConfigurationPlatforms) = preSolution
		Debug|Any CPU = Debug|Any CPU
		Release|Any CPU = Release|Any CPU
	EndGlobalSection
	GlobalSection(ProjectConfigurationPlatforms) = postSolution
		{EEC134E0-196E-4861-B1CE-1D401DA2B7DC}.Debug|Any CPU.ActiveCfg = Debug|Any CPU
		{EEC134E0-196E-4861-B1CE-1D401DA2B7DC}.Debug|Any CPU.Build.0 = Debug|Any CPU
		{EEC134E0-196E-4861-B1CE-1D401DA2B7DC}.Release|Any CPU.ActiveCfg = Release|Any CPU
		{EEC134E0-196E-4861-B1CE-1D401DA2B7DC}.Release|Any CPU.Build.0 = Release|Any CPU
	EndGlobalSection
	GlobalSection(SolutionProperties) = preSolution
		HideSolutionNode = FALSE
	EndGlobalSection
EndGlobal
